
Microsoft Visual Studio Solution File, Format Version 12.00
# Visual Studio 15
VisualStudioVersion = 15.0.27130.2027
MinimumVisualStudioVersion = 10.0.40219.1
Project("{8BC9CEB8-8B4A-11D0-8D11-00A0C91BC942}") = "IOCP_Server", "IOCP_Server\IOCP_Server.vcxproj", "{4B469354-6DA0-4DB3-A261-419B639004D9}"
EndProject
Global
	GlobalSection(SolutionConfigurationPlatforms) = preSolution
		Debug|x64 = Debug|x64
		Debug|x86 = Debug|x86
		Release|x64 = Release|x64
		Release|x86 = Release|x86
	EndGlobalSection
	GlobalSection(ProjectConfigurationPlatforms) = postSolution
		{4B469354-6DA0-4DB3-A261-419B639004D9}.Debug|x64.ActiveCfg = Debug|x64
		{4B469354-6DA0-4DB3-A261-419B639004D9}.Debug|x64.Build.0 = Debug|x64
		{4B469354-6DA0-4DB3-A261-419B639004D9}.Debug|x86.ActiveCfg = Debug|Win32
		{4B469354-6DA0-4DB3-A261-419B639004D9}.Debug|x86.Build.0 = Debug|Win32
		{4B469354-6DA0-4DB3-A261-419B639004D9}.Release|x64.ActiveCfg = Release|x64
		{4B469354-6DA0-4DB3-A261-419B639004D9}.Release|x64.Build.0 = Release|x64
		{4B469354-6DA0-4DB3-A261-419B639004D9}.Release|x86.ActiveCfg = Release|Win32
		{4B469354-6DA0-4DB3-A261-419B639004D9}.Release|x86.Build.0 = Release|Win32
	EndGlobalSection
	GlobalSection(SolutionProperties) = preSolution
		HideSolutionNode = FALSE
	EndGlobalSection
	GlobalSection(ExtensibilityGlobals) = postSolution
		SolutionGuid = {E763A20B-FBC7-4366-9D14-1498F53D5FA5}
	EndGlobalSection
EndGlobal
